// !$*UTF8*$!
{
	archiveVersion = 1;
	classes = {
	};
	objectVersion = 51;
	objects = {

/* Begin PBXBuildFile section */
		04F1A64A23A6435100293AA2 /* AppDelegate.swift in Sources */ = {isa = PBXBuildFile; fileRef = 04F1A64923A6435100293AA2 /* AppDelegate.swift */; };
		04F1A64C23A6435100293AA2 /* SceneDelegate.swift in Sources */ = {isa = PBXBuildFile; fileRef = 04F1A64B23A6435100293AA2 /* SceneDelegate.swift */; };
		04F1A64E23A6435100293AA2 /* ViewController.swift in Sources */ = {isa = PBXBuildFile; fileRef = 04F1A64D23A6435100293AA2 /* ViewController.swift */; };
		04F1A65123A6435100293AA2 /* Main.storyboard in Resources */ = {isa = PBXBuildFile; fileRef = 04F1A64F23A6435100293AA2 /* Main.storyboard */; };
		04F1A65323A6435300293AA2 /* Assets.xcassets in Resources */ = {isa = PBXBuildFile; fileRef = 04F1A65223A6435300293AA2 /* Assets.xcassets */; };
		04F1A65623A6435300293AA2 /* LaunchScreen.storyboard in Resources */ = {isa = PBXBuildFile; fileRef = 04F1A65423A6435300293AA2 /* LaunchScreen.storyboard */; };
		04F1A66123A6435300293AA2 /* Dr_NourTests.swift in Sources */ = {isa = PBXBuildFile; fileRef = 04F1A66023A6435300293AA2 /* Dr_NourTests.swift */; };
		04F1A66C23A6435300293AA2 /* Dr_NourUITests.swift in Sources */ = {isa = PBXBuildFile; fileRef = 04F1A66B23A6435300293AA2 /* Dr_NourUITests.swift */; };
		3B11F9F823AA0B390057FE20 /* Shared.swift in Sources */ = {isa = PBXBuildFile; fileRef = 3B11F9F723AA0B390057FE20 /* Shared.swift */; };
		3B11F9FE23AA10A60057FE20 /* MainNavigationController.swift in Sources */ = {isa = PBXBuildFile; fileRef = 3B11F9FD23AA10A60057FE20 /* MainNavigationController.swift */; };
		3B11FA0223AA290F0057FE20 /* MyBalalnceViewController.swift in Sources */ = {isa = PBXBuildFile; fileRef = 3B11FA0123AA290F0057FE20 /* MyBalalnceViewController.swift */; };
		3B13107A23A7765A007F989C /* PersonalInfoViewController.swift in Sources */ = {isa = PBXBuildFile; fileRef = 3B13107923A7765A007F989C /* PersonalInfoViewController.swift */; };
		3B13107E23A77EC7007F989C /* MyReservationsViewController.swift in Sources */ = {isa = PBXBuildFile; fileRef = 3B13107D23A77EC7007F989C /* MyReservationsViewController.swift */; };
		3B13108123A77F6E007F989C /* MyReservationsTableViewCell.swift in Sources */ = {isa = PBXBuildFile; fileRef = 3B13108023A77F6E007F989C /* MyReservationsTableViewCell.swift */; };
		3B155FD923ABA2F800DCA9E0 /* ContactusTableViewCell.swift in Sources */ = {isa = PBXBuildFile; fileRef = 3B155FD823ABA2F800DCA9E0 /* ContactusTableViewCell.swift */; };
		3B155FDB23ABA30E00DCA9E0 /* ContactusViewController.swift in Sources */ = {isa = PBXBuildFile; fileRef = 3B155FDA23ABA30E00DCA9E0 /* ContactusViewController.swift */; };
		3B21EBF223A8DA3800D02C12 /* MyReferralsViewController.swift in Sources */ = {isa = PBXBuildFile; fileRef = 3B21EBF123A8DA3800D02C12 /* MyReferralsViewController.swift */; };
		3B21EBF423A8DA5300D02C12 /* MyReferralsTableViewCell.swift in Sources */ = {isa = PBXBuildFile; fileRef = 3B21EBF323A8DA5300D02C12 /* MyReferralsTableViewCell.swift */; };
		3B21EBF623A8FD6F00D02C12 /* DataOfMyReferralsPopupViewController.swift in Sources */ = {isa = PBXBuildFile; fileRef = 3B21EBF523A8FD6F00D02C12 /* DataOfMyReferralsPopupViewController.swift */; };
		3B21EBFB23A92A1900D02C12 /* BookingsReferredViewController.swift in Sources */ = {isa = PBXBuildFile; fileRef = 3B21EBFA23A92A1900D02C12 /* BookingsReferredViewController.swift */; };
		3B21EBFD23A92A3600D02C12 /* BookingsReferredTableViewCell.swift in Sources */ = {isa = PBXBuildFile; fileRef = 3B21EBFC23A92A3600D02C12 /* BookingsReferredTableViewCell.swift */; };
		3B23CA0223ACF02C00276908 /* LunchCricleView.swift in Sources */ = {isa = PBXBuildFile; fileRef = 3B23CA0123ACF02C00276908 /* LunchCricleView.swift */; };
		3B3E236123A65485003C0123 /* UserDefault.swift in Sources */ = {isa = PBXBuildFile; fileRef = 3B3E235423A65484003C0123 /* UserDefault.swift */; };
		3B3E236223A65485003C0123 /* ConstantMenu.swift in Sources */ = {isa = PBXBuildFile; fileRef = 3B3E235623A65484003C0123 /* ConstantMenu.swift */; };
		3B3E236723A65485003C0123 /* Alert.swift in Sources */ = {isa = PBXBuildFile; fileRef = 3B3E235C23A65485003C0123 /* Alert.swift */; };
		3B3E236823A65485003C0123 /* CardView.swift in Sources */ = {isa = PBXBuildFile; fileRef = 3B3E235D23A65485003C0123 /* CardView.swift */; };
		3B3E236923A65485003C0123 /* Colortext.swift in Sources */ = {isa = PBXBuildFile; fileRef = 3B3E235E23A65485003C0123 /* Colortext.swift */; };
		3B3E236A23A65485003C0123 /* CustemDesign.swift in Sources */ = {isa = PBXBuildFile; fileRef = 3B3E235F23A65485003C0123 /* CustemDesign.swift */; };
		3B3E236B23A65485003C0123 /* DesignableUITextField.swift in Sources */ = {isa = PBXBuildFile; fileRef = 3B3E236023A65485003C0123 /* DesignableUITextField.swift */; };
		3B3E236F23A654D0003C0123 /* LoginViewController.swift in Sources */ = {isa = PBXBuildFile; fileRef = 3B3E236E23A654D0003C0123 /* LoginViewController.swift */; };
		3B3E237423A65DEA003C0123 /* RegisterViewController.swift in Sources */ = {isa = PBXBuildFile; fileRef = 3B3E237323A65DEA003C0123 /* RegisterViewController.swift */; };
		3B3E237923A673A6003C0123 /* AllServicesViewController.swift in Sources */ = {isa = PBXBuildFile; fileRef = 3B3E237823A673A6003C0123 /* AllServicesViewController.swift */; };
		3B3E237B23A67625003C0123 /* ServicesCollectionViewCell.swift in Sources */ = {isa = PBXBuildFile; fileRef = 3B3E237A23A67625003C0123 /* ServicesCollectionViewCell.swift */; };
		3B3E238123A6A135003C0123 /* DrNourMenuViewController.swift in Sources */ = {isa = PBXBuildFile; fileRef = 3B3E238023A6A135003C0123 /* DrNourMenuViewController.swift */; };
		3B5E6FE723A8305900E86EFA /* DataOfServiceInfoPouopViewController.swift in Sources */ = {isa = PBXBuildFile; fileRef = 3B5E6FE623A8305900E86EFA /* DataOfServiceInfoPouopViewController.swift */; };
		3B6DD7A623AA5CB500DB1B7F /* AboutDrNourViewController.swift in Sources */ = {isa = PBXBuildFile; fileRef = 3B6DD7A523AA5CB500DB1B7F /* AboutDrNourViewController.swift */; };
		3B6DD7AA23AA5D9300DB1B7F /* FAQViewController.swift in Sources */ = {isa = PBXBuildFile; fileRef = 3B6DD7A923AA5D9300DB1B7F /* FAQViewController.swift */; };
		3B6DD7AE23AA68F900DB1B7F /* ReviewsViewController.swift in Sources */ = {isa = PBXBuildFile; fileRef = 3B6DD7AD23AA68F900DB1B7F /* ReviewsViewController.swift */; };
		3B6DD7B223AA72F800DB1B7F /* GalleryViewController.swift in Sources */ = {isa = PBXBuildFile; fileRef = 3B6DD7B123AA72F800DB1B7F /* GalleryViewController.swift */; };
		3B6DD7B723AA745200DB1B7F /* GalleryCollectionViewCell.swift in Sources */ = {isa = PBXBuildFile; fileRef = 3B6DD7B623AA745200DB1B7F /* GalleryCollectionViewCell.swift */; };
		3BA5717023AD52F200631721 /* TitleOfSectionTableViewCell.swift in Sources */ = {isa = PBXBuildFile; fileRef = 3BA5716E23AD52F100631721 /* TitleOfSectionTableViewCell.swift */; };
		3BA5717123AD52F200631721 /* TitleOfSectionTableViewCell.xib in Resources */ = {isa = PBXBuildFile; fileRef = 3BA5716F23AD52F100631721 /* TitleOfSectionTableViewCell.xib */; };
		3BA5717623AD53C900631721 /* FAQTableViewCell.swift in Sources */ = {isa = PBXBuildFile; fileRef = 3BA5717423AD53C900631721 /* FAQTableViewCell.swift */; };
		3BA5717723AD53C900631721 /* FAQTableViewCell.xib in Resources */ = {isa = PBXBuildFile; fileRef = 3BA5717523AD53C900631721 /* FAQTableViewCell.xib */; };
		3BCF529623A7A70700F84D70 /* DataOfReserviationsViewController.swift in Sources */ = {isa = PBXBuildFile; fileRef = 3BCF529523A7A70700F84D70 /* DataOfReserviationsViewController.swift */; };
		3BCF529823A7AF4900F84D70 /* ChangePasswordViewController.swift in Sources */ = {isa = PBXBuildFile; fileRef = 3BCF529723A7AF4900F84D70 /* ChangePasswordViewController.swift */; };
		3BCF529A23A7AF8700F84D70 /* AddYourPhoneViewController.swift in Sources */ = {isa = PBXBuildFile; fileRef = 3BCF529923A7AF8700F84D70 /* AddYourPhoneViewController.swift */; };
		3BCF529C23A7BC2200F84D70 /* ServiceInfoViewController.swift in Sources */ = {isa = PBXBuildFile; fileRef = 3BCF529B23A7BC2200F84D70 /* ServiceInfoViewController.swift */; };
		C62B4673022E8E15F04AE803 /* Pods_Dr_Nour.framework in Frameworks */ = {isa = PBXBuildFile; fileRef = B5095890162EAACE75BD0C35 /* Pods_Dr_Nour.framework */; };
/* End PBXBuildFile section */

/* Begin PBXContainerItemProxy section */
		04F1A65D23A6435300293AA2 /* PBXContainerItemProxy */ = {
			isa = PBXContainerItemProxy;
			containerPortal = 04F1A63E23A6435100293AA2 /* Project object */;
			proxyType = 1;
			remoteGlobalIDString = 04F1A64523A6435100293AA2;
			remoteInfo = Dr.Nour;
		};
		04F1A66823A6435300293AA2 /* PBXContainerItemProxy */ = {
			isa = PBXContainerItemProxy;
			containerPortal = 04F1A63E23A6435100293AA2 /* Project object */;
			proxyType = 1;
			remoteGlobalIDString = 04F1A64523A6435100293AA2;
			remoteInfo = Dr.Nour;
		};
/* End PBXContainerItemProxy section */

/* Begin PBXFileReference section */
		04F1A64623A6435100293AA2 /* Dr.Nour.app */ = {isa = PBXFileReference; explicitFileType = wrapper.application; includeInIndex = 0; path = Dr.Nour.app; sourceTree = BUILT_PRODUCTS_DIR; };
		04F1A64923A6435100293AA2 /* AppDelegate.swift */ = {isa = PBXFileReference; lastKnownFileType = sourcecode.swift; path = AppDelegate.swift; sourceTree = "<group>"; };
		04F1A64B23A6435100293AA2 /* SceneDelegate.swift */ = {isa = PBXFileReference; lastKnownFileType = sourcecode.swift; path = SceneDelegate.swift; sourceTree = "<group>"; };
		04F1A64D23A6435100293AA2 /* ViewController.swift */ = {isa = PBXFileReference; lastKnownFileType = sourcecode.swift; path = ViewController.swift; sourceTree = "<group>"; };
		04F1A65023A6435100293AA2 /* Base */ = {isa = PBXFileReference; lastKnownFileType = file.storyboard; name = Base; path = Base.lproj/Main.storyboard; sourceTree = "<group>"; };
		04F1A65223A6435300293AA2 /* Assets.xcassets */ = {isa = PBXFileReference; lastKnownFileType = folder.assetcatalog; path = Assets.xcassets; sourceTree = "<group>"; };
		04F1A65523A6435300293AA2 /* Base */ = {isa = PBXFileReference; lastKnownFileType = file.storyboard; name = Base; path = Base.lproj/LaunchScreen.storyboard; sourceTree = "<group>"; };
		04F1A65723A6435300293AA2 /* Info.plist */ = {isa = PBXFileReference; lastKnownFileType = text.plist.xml; path = Info.plist; sourceTree = "<group>"; };
		04F1A65C23A6435300293AA2 /* Dr.NourTests.xctest */ = {isa = PBXFileReference; explicitFileType = wrapper.cfbundle; includeInIndex = 0; path = Dr.NourTests.xctest; sourceTree = BUILT_PRODUCTS_DIR; };
		04F1A66023A6435300293AA2 /* Dr_NourTests.swift */ = {isa = PBXFileReference; lastKnownFileType = sourcecode.swift; path = Dr_NourTests.swift; sourceTree = "<group>"; };
		04F1A66223A6435300293AA2 /* Info.plist */ = {isa = PBXFileReference; lastKnownFileType = text.plist.xml; path = Info.plist; sourceTree = "<group>"; };
		04F1A66723A6435300293AA2 /* Dr.NourUITests.xctest */ = {isa = PBXFileReference; explicitFileType = wrapper.cfbundle; includeInIndex = 0; path = Dr.NourUITests.xctest; sourceTree = BUILT_PRODUCTS_DIR; };
		04F1A66B23A6435300293AA2 /* Dr_NourUITests.swift */ = {isa = PBXFileReference; lastKnownFileType = sourcecode.swift; path = Dr_NourUITests.swift; sourceTree = "<group>"; };
		04F1A66D23A6435300293AA2 /* Info.plist */ = {isa = PBXFileReference; lastKnownFileType = text.plist.xml; path = Info.plist; sourceTree = "<group>"; };
		3B11F9F723AA0B390057FE20 /* Shared.swift */ = {isa = PBXFileReference; fileEncoding = 4; lastKnownFileType = sourcecode.swift; path = Shared.swift; sourceTree = "<group>"; };
		3B11F9FD23AA10A60057FE20 /* MainNavigationController.swift */ = {isa = PBXFileReference; fileEncoding = 4; lastKnownFileType = sourcecode.swift; path = MainNavigationController.swift; sourceTree = "<group>"; };
		3B11FA0123AA290F0057FE20 /* MyBalalnceViewController.swift */ = {isa = PBXFileReference; lastKnownFileType = sourcecode.swift; path = MyBalalnceViewController.swift; sourceTree = "<group>"; };
		3B13107923A7765A007F989C /* PersonalInfoViewController.swift */ = {isa = PBXFileReference; lastKnownFileType = sourcecode.swift; path = PersonalInfoViewController.swift; sourceTree = "<group>"; };
		3B13107D23A77EC7007F989C /* MyReservationsViewController.swift */ = {isa = PBXFileReference; lastKnownFileType = sourcecode.swift; path = MyReservationsViewController.swift; sourceTree = "<group>"; };
		3B13108023A77F6E007F989C /* MyReservationsTableViewCell.swift */ = {isa = PBXFileReference; lastKnownFileType = sourcecode.swift; path = MyReservationsTableViewCell.swift; sourceTree = "<group>"; };
		3B155FD823ABA2F800DCA9E0 /* ContactusTableViewCell.swift */ = {isa = PBXFileReference; lastKnownFileType = sourcecode.swift; path = ContactusTableViewCell.swift; sourceTree = "<group>"; };
		3B155FDA23ABA30E00DCA9E0 /* ContactusViewController.swift */ = {isa = PBXFileReference; lastKnownFileType = sourcecode.swift; path = ContactusViewController.swift; sourceTree = "<group>"; };
		3B21EBF123A8DA3800D02C12 /* MyReferralsViewController.swift */ = {isa = PBXFileReference; lastKnownFileType = sourcecode.swift; path = MyReferralsViewController.swift; sourceTree = "<group>"; };
		3B21EBF323A8DA5300D02C12 /* MyReferralsTableViewCell.swift */ = {isa = PBXFileReference; lastKnownFileType = sourcecode.swift; path = MyReferralsTableViewCell.swift; sourceTree = "<group>"; };
		3B21EBF523A8FD6F00D02C12 /* DataOfMyReferralsPopupViewController.swift */ = {isa = PBXFileReference; lastKnownFileType = sourcecode.swift; path = DataOfMyReferralsPopupViewController.swift; sourceTree = "<group>"; };
		3B21EBFA23A92A1900D02C12 /* BookingsReferredViewController.swift */ = {isa = PBXFileReference; lastKnownFileType = sourcecode.swift; path = BookingsReferredViewController.swift; sourceTree = "<group>"; };
		3B21EBFC23A92A3600D02C12 /* BookingsReferredTableViewCell.swift */ = {isa = PBXFileReference; lastKnownFileType = sourcecode.swift; path = BookingsReferredTableViewCell.swift; sourceTree = "<group>"; };
		3B23CA0123ACF02C00276908 /* LunchCricleView.swift */ = {isa = PBXFileReference; lastKnownFileType = sourcecode.swift; path = LunchCricleView.swift; sourceTree = "<group>"; };
		3B3E235423A65484003C0123 /* UserDefault.swift */ = {isa = PBXFileReference; fileEncoding = 4; lastKnownFileType = sourcecode.swift; path = UserDefault.swift; sourceTree = "<group>"; };
		3B3E235623A65484003C0123 /* ConstantMenu.swift */ = {isa = PBXFileReference; fileEncoding = 4; lastKnownFileType = sourcecode.swift; path = ConstantMenu.swift; sourceTree = "<group>"; };
		3B3E235C23A65485003C0123 /* Alert.swift */ = {isa = PBXFileReference; fileEncoding = 4; lastKnownFileType = sourcecode.swift; path = Alert.swift; sourceTree = "<group>"; };
		3B3E235D23A65485003C0123 /* CardView.swift */ = {isa = PBXFileReference; fileEncoding = 4; lastKnownFileType = sourcecode.swift; path = CardView.swift; sourceTree = "<group>"; };
		3B3E235E23A65485003C0123 /* Colortext.swift */ = {isa = PBXFileReference; fileEncoding = 4; lastKnownFileType = sourcecode.swift; path = Colortext.swift; sourceTree = "<group>"; };
		3B3E235F23A65485003C0123 /* CustemDesign.swift */ = {isa = PBXFileReference; fileEncoding = 4; lastKnownFileType = sourcecode.swift; path = CustemDesign.swift; sourceTree = "<group>"; };
		3B3E236023A65485003C0123 /* DesignableUITextField.swift */ = {isa = PBXFileReference; fileEncoding = 4; lastKnownFileType = sourcecode.swift; path = DesignableUITextField.swift; sourceTree = "<group>"; };
		3B3E236E23A654D0003C0123 /* LoginViewController.swift */ = {isa = PBXFileReference; lastKnownFileType = sourcecode.swift; path = LoginViewController.swift; sourceTree = "<group>"; };
		3B3E237323A65DEA003C0123 /* RegisterViewController.swift */ = {isa = PBXFileReference; lastKnownFileType = sourcecode.swift; path = RegisterViewController.swift; sourceTree = "<group>"; };
		3B3E237823A673A6003C0123 /* AllServicesViewController.swift */ = {isa = PBXFileReference; lastKnownFileType = sourcecode.swift; path = AllServicesViewController.swift; sourceTree = "<group>"; };
		3B3E237A23A67625003C0123 /* ServicesCollectionViewCell.swift */ = {isa = PBXFileReference; lastKnownFileType = sourcecode.swift; path = ServicesCollectionViewCell.swift; sourceTree = "<group>"; };
		3B3E238023A6A135003C0123 /* DrNourMenuViewController.swift */ = {isa = PBXFileReference; lastKnownFileType = sourcecode.swift; path = DrNourMenuViewController.swift; sourceTree = "<group>"; };
		3B5E6FE623A8305900E86EFA /* DataOfServiceInfoPouopViewController.swift */ = {isa = PBXFileReference; lastKnownFileType = sourcecode.swift; path = DataOfServiceInfoPouopViewController.swift; sourceTree = "<group>"; };
		3B6DD7A523AA5CB500DB1B7F /* AboutDrNourViewController.swift */ = {isa = PBXFileReference; lastKnownFileType = sourcecode.swift; path = AboutDrNourViewController.swift; sourceTree = "<group>"; };
		3B6DD7A923AA5D9300DB1B7F /* FAQViewController.swift */ = {isa = PBXFileReference; lastKnownFileType = sourcecode.swift; path = FAQViewController.swift; sourceTree = "<group>"; };
		3B6DD7AD23AA68F900DB1B7F /* ReviewsViewController.swift */ = {isa = PBXFileReference; lastKnownFileType = sourcecode.swift; path = ReviewsViewController.swift; sourceTree = "<group>"; };
		3B6DD7B123AA72F800DB1B7F /* GalleryViewController.swift */ = {isa = PBXFileReference; lastKnownFileType = sourcecode.swift; path = GalleryViewController.swift; sourceTree = "<group>"; };
		3B6DD7B623AA745200DB1B7F /* GalleryCollectionViewCell.swift */ = {isa = PBXFileReference; lastKnownFileType = sourcecode.swift; path = GalleryCollectionViewCell.swift; sourceTree = "<group>"; };
		3BA5716E23AD52F100631721 /* TitleOfSectionTableViewCell.swift */ = {isa = PBXFileReference; lastKnownFileType = sourcecode.swift; path = TitleOfSectionTableViewCell.swift; sourceTree = "<group>"; };
		3BA5716F23AD52F100631721 /* TitleOfSectionTableViewCell.xib */ = {isa = PBXFileReference; lastKnownFileType = file.xib; path = TitleOfSectionTableViewCell.xib; sourceTree = "<group>"; };
		3BA5717423AD53C900631721 /* FAQTableViewCell.swift */ = {isa = PBXFileReference; lastKnownFileType = sourcecode.swift; path = FAQTableViewCell.swift; sourceTree = "<group>"; };
		3BA5717523AD53C900631721 /* FAQTableViewCell.xib */ = {isa = PBXFileReference; lastKnownFileType = file.xib; path = FAQTableViewCell.xib; sourceTree = "<group>"; };
		3BCF529523A7A70700F84D70 /* DataOfReserviationsViewController.swift */ = {isa = PBXFileReference; lastKnownFileType = sourcecode.swift; path = DataOfReserviationsViewController.swift; sourceTree = "<group>"; };
		3BCF529723A7AF4900F84D70 /* ChangePasswordViewController.swift */ = {isa = PBXFileReference; lastKnownFileType = sourcecode.swift; path = ChangePasswordViewController.swift; sourceTree = "<group>"; };
		3BCF529923A7AF8700F84D70 /* AddYourPhoneViewController.swift */ = {isa = PBXFileReference; lastKnownFileType = sourcecode.swift; path = AddYourPhoneViewController.swift; sourceTree = "<group>"; };
		3BCF529B23A7BC2200F84D70 /* ServiceInfoViewController.swift */ = {isa = PBXFileReference; lastKnownFileType = sourcecode.swift; path = ServiceInfoViewController.swift; sourceTree = "<group>"; };
		6CB5B85EE0B025425011A93E /* Pods-Dr.Nour.release.xcconfig */ = {isa = PBXFileReference; includeInIndex = 1; lastKnownFileType = text.xcconfig; name = "Pods-Dr.Nour.release.xcconfig"; path = "Target Support Files/Pods-Dr.Nour/Pods-Dr.Nour.release.xcconfig"; sourceTree = "<group>"; };
		B0270C91B7BF022C5FFEE56B /* Pods-Dr.Nour.debug.xcconfig */ = {isa = PBXFileReference; includeInIndex = 1; lastKnownFileType = text.xcconfig; name = "Pods-Dr.Nour.debug.xcconfig"; path = "Target Support Files/Pods-Dr.Nour/Pods-Dr.Nour.debug.xcconfig"; sourceTree = "<group>"; };
		B5095890162EAACE75BD0C35 /* Pods_Dr_Nour.framework */ = {isa = PBXFileReference; explicitFileType = wrapper.framework; includeInIndex = 0; path = Pods_Dr_Nour.framework; sourceTree = BUILT_PRODUCTS_DIR; };
/* End PBXFileReference section */

/* Begin PBXFrameworksBuildPhase section */
		04F1A64323A6435100293AA2 /* Frameworks */ = {
			isa = PBXFrameworksBuildPhase;
			buildActionMask = 2147483647;
			files = (
				C62B4673022E8E15F04AE803 /* Pods_Dr_Nour.framework in Frameworks */,
			);
			runOnlyForDeploymentPostprocessing = 0;
		};
		04F1A65923A6435300293AA2 /* Frameworks */ = {
			isa = PBXFrameworksBuildPhase;
			buildActionMask = 2147483647;
			files = (
			);
			runOnlyForDeploymentPostprocessing = 0;
		};
		04F1A66423A6435300293AA2 /* Frameworks */ = {
			isa = PBXFrameworksBuildPhase;
			buildActionMask = 2147483647;
			files = (
			);
			runOnlyForDeploymentPostprocessing = 0;
		};
/* End PBXFrameworksBuildPhase section */

/* Begin PBXGroup section */
		04F1A63D23A6435100293AA2 = {
			isa = PBXGroup;
			children = (
				04F1A64823A6435100293AA2 /* Dr.Nour */,
				04F1A65F23A6435300293AA2 /* Dr.NourTests */,
				04F1A66A23A6435300293AA2 /* Dr.NourUITests */,
				04F1A64723A6435100293AA2 /* Products */,
				B0A650D2DD06E95ED55B0E09 /* Pods */,
				092009E4D5742FDFDE9C2743 /* Frameworks */,
			);
			sourceTree = "<group>";
		};
		04F1A64723A6435100293AA2 /* Products */ = {
			isa = PBXGroup;
			children = (
				04F1A64623A6435100293AA2 /* Dr.Nour.app */,
				04F1A65C23A6435300293AA2 /* Dr.NourTests.xctest */,
				04F1A66723A6435300293AA2 /* Dr.NourUITests.xctest */,
			);
			name = Products;
			sourceTree = "<group>";
		};
		04F1A64823A6435100293AA2 /* Dr.Nour */ = {
			isa = PBXGroup;
			children = (
				04F1A64923A6435100293AA2 /* AppDelegate.swift */,
				04F1A64B23A6435100293AA2 /* SceneDelegate.swift */,
				04F1A64D23A6435100293AA2 /* ViewController.swift */,
				3B3E235323A65484003C0123 /* Shared */,
				3B3E235B23A65485003C0123 /* Utitlites */,
				3B3E236D23A654BA003C0123 /* Login */,
				3B3E237223A65DD7003C0123 /* Register */,
				3B3E237523A67355003C0123 /* Services */,
				3B3E235523A65484003C0123 /* Menu */,
				04F1A64F23A6435100293AA2 /* Main.storyboard */,
				04F1A65223A6435300293AA2 /* Assets.xcassets */,
				04F1A65423A6435300293AA2 /* LaunchScreen.storyboard */,
				04F1A65723A6435300293AA2 /* Info.plist */,
			);
			path = Dr.Nour;
			sourceTree = "<group>";
		};
		04F1A65F23A6435300293AA2 /* Dr.NourTests */ = {
			isa = PBXGroup;
			children = (
				04F1A66023A6435300293AA2 /* Dr_NourTests.swift */,
				04F1A66223A6435300293AA2 /* Info.plist */,
			);
			path = Dr.NourTests;
			sourceTree = "<group>";
		};
		04F1A66A23A6435300293AA2 /* Dr.NourUITests */ = {
			isa = PBXGroup;
			children = (
				04F1A66B23A6435300293AA2 /* Dr_NourUITests.swift */,
				04F1A66D23A6435300293AA2 /* Info.plist */,
			);
			path = Dr.NourUITests;
			sourceTree = "<group>";
		};
		092009E4D5742FDFDE9C2743 /* Frameworks */ = {
			isa = PBXGroup;
			children = (
				B5095890162EAACE75BD0C35 /* Pods_Dr_Nour.framework */,
			);
			name = Frameworks;
			sourceTree = "<group>";
		};
		3B11F9FB23AA108C0057FE20 /* Main */ = {
			isa = PBXGroup;
			children = (
				3B11F9FC23AA10960057FE20 /* Controller */,
			);
			path = Main;
			sourceTree = "<group>";
		};
		3B11F9FC23AA10960057FE20 /* Controller */ = {
			isa = PBXGroup;
			children = (
				3B11F9FD23AA10A60057FE20 /* MainNavigationController.swift */,
			);
			path = Controller;
			sourceTree = "<group>";
		};
		3B11F9FF23AA28EB0057FE20 /* My Balalnce */ = {
			isa = PBXGroup;
			children = (
				3B11FA0023AA28F30057FE20 /* Controller */,
			);
			path = "My Balalnce";
			sourceTree = "<group>";
		};
		3B11FA0023AA28F30057FE20 /* Controller */ = {
			isa = PBXGroup;
			children = (
				3B11FA0123AA290F0057FE20 /* MyBalalnceViewController.swift */,
			);
			path = Controller;
			sourceTree = "<group>";
		};
		3B13107623A77605007F989C /* MenuViews */ = {
			isa = PBXGroup;
			children = (
				3B155FD423ABA2BE00DCA9E0 /* Contact us */,
				3B6DD7AF23AA72DE00DB1B7F /* Gallery */,
				3B6DD7AB23AA68E200DB1B7F /* Reviews */,
				3B6DD7A723AA5D7C00DB1B7F /* FAQ */,
				3B6DD7A323AA5C8B00DB1B7F /* About Dr Nour */,
				3B11F9FF23AA28EB0057FE20 /* My Balalnce */,
				3B21EBF723A929DF00D02C12 /* Bookings Referred */,
				3B21EBEE23A8DA0800D02C12 /* My Referrals */,
				3B13107B23A77E8B007F989C /* My Reservations  */,
				3B13107723A77619007F989C /* Personal Info */,
			);
			path = MenuViews;
			sourceTree = "<group>";
		};
		3B13107723A77619007F989C /* Personal Info */ = {
			isa = PBXGroup;
			children = (
				3B13107823A77627007F989C /* Controller */,
			);
			path = "Personal Info";
			sourceTree = "<group>";
		};
		3B13107823A77627007F989C /* Controller */ = {
			isa = PBXGroup;
			children = (
				3B13107923A7765A007F989C /* PersonalInfoViewController.swift */,
				3BCF529723A7AF4900F84D70 /* ChangePasswordViewController.swift */,
				3BCF529923A7AF8700F84D70 /* AddYourPhoneViewController.swift */,
			);
			path = Controller;
			sourceTree = "<group>";
		};
		3B13107B23A77E8B007F989C /* My Reservations  */ = {
			isa = PBXGroup;
			children = (
				3B13107F23A77F51007F989C /* View */,
				3B13107C23A77E97007F989C /* Controller */,
			);
			path = "My Reservations ";
			sourceTree = "<group>";
		};
		3B13107C23A77E97007F989C /* Controller */ = {
			isa = PBXGroup;
			children = (
				3B13107D23A77EC7007F989C /* MyReservationsViewController.swift */,
				3BCF529523A7A70700F84D70 /* DataOfReserviationsViewController.swift */,
			);
			path = Controller;
			sourceTree = "<group>";
		};
		3B13107F23A77F51007F989C /* View */ = {
			isa = PBXGroup;
			children = (
				3B13108023A77F6E007F989C /* MyReservationsTableViewCell.swift */,
			);
			path = View;
			sourceTree = "<group>";
		};
		3B155FD423ABA2BE00DCA9E0 /* Contact us */ = {
			isa = PBXGroup;
			children = (
				3B155FD623ABA2D300DCA9E0 /* View */,
				3B155FD523ABA2C400DCA9E0 /* Controller */,
			);
			path = "Contact us";
			sourceTree = "<group>";
		};
		3B155FD523ABA2C400DCA9E0 /* Controller */ = {
			isa = PBXGroup;
			children = (
				3B155FDA23ABA30E00DCA9E0 /* ContactusViewController.swift */,
			);
			path = Controller;
			sourceTree = "<group>";
		};
		3B155FD623ABA2D300DCA9E0 /* View */ = {
			isa = PBXGroup;
			children = (
				3B155FD823ABA2F800DCA9E0 /* ContactusTableViewCell.swift */,
			);
			path = View;
			sourceTree = "<group>";
		};
		3B21EBEE23A8DA0800D02C12 /* My Referrals */ = {
			isa = PBXGroup;
			children = (
				3B21EBF023A8DA1E00D02C12 /* View */,
				3B21EBEF23A8DA1100D02C12 /* Controller */,
			);
			path = "My Referrals";
			sourceTree = "<group>";
		};
		3B21EBEF23A8DA1100D02C12 /* Controller */ = {
			isa = PBXGroup;
			children = (
				3B21EBF123A8DA3800D02C12 /* MyReferralsViewController.swift */,
				3B21EBF523A8FD6F00D02C12 /* DataOfMyReferralsPopupViewController.swift */,
			);
			path = Controller;
			sourceTree = "<group>";
		};
		3B21EBF023A8DA1E00D02C12 /* View */ = {
			isa = PBXGroup;
			children = (
				3B21EBF323A8DA5300D02C12 /* MyReferralsTableViewCell.swift */,
			);
			path = View;
			sourceTree = "<group>";
		};
		3B21EBF723A929DF00D02C12 /* Bookings Referred */ = {
			isa = PBXGroup;
			children = (
				3B21EBF923A929F900D02C12 /* View */,
				3B21EBF823A929F000D02C12 /* Controller */,
			);
			path = "Bookings Referred";
			sourceTree = "<group>";
		};
		3B21EBF823A929F000D02C12 /* Controller */ = {
			isa = PBXGroup;
			children = (
				3B21EBFA23A92A1900D02C12 /* BookingsReferredViewController.swift */,
			);
			path = Controller;
			sourceTree = "<group>";
		};
		3B21EBF923A929F900D02C12 /* View */ = {
			isa = PBXGroup;
			children = (
				3B21EBFC23A92A3600D02C12 /* BookingsReferredTableViewCell.swift */,
			);
			path = View;
			sourceTree = "<group>";
		};
		3B3E235323A65484003C0123 /* Shared */ = {
			isa = PBXGroup;
			children = (
				3B3E235423A65484003C0123 /* UserDefault.swift */,
				3B11F9F723AA0B390057FE20 /* Shared.swift */,
			);
			path = Shared;
			sourceTree = "<group>";
		};
		3B3E235523A65484003C0123 /* Menu */ = {
			isa = PBXGroup;
			children = (
				3B13107623A77605007F989C /* MenuViews */,
				3B3E235623A65484003C0123 /* ConstantMenu.swift */,
				3B3E238023A6A135003C0123 /* DrNourMenuViewController.swift */,
			);
			path = Menu;
			sourceTree = "<group>";
		};
		3B3E235B23A65485003C0123 /* Utitlites */ = {
			isa = PBXGroup;
			children = (
				3B3E235C23A65485003C0123 /* Alert.swift */,
				3B3E235D23A65485003C0123 /* CardView.swift */,
				3B3E235E23A65485003C0123 /* Colortext.swift */,
				3B3E235F23A65485003C0123 /* CustemDesign.swift */,
				3B3E236023A65485003C0123 /* DesignableUITextField.swift */,
				3B23CA0123ACF02C00276908 /* LunchCricleView.swift */,
			);
			path = Utitlites;
			sourceTree = "<group>";
		};
		3B3E236D23A654BA003C0123 /* Login */ = {
			isa = PBXGroup;
			children = (
				3B3E237023A654D7003C0123 /* Controller */,
			);
			path = Login;
			sourceTree = "<group>";
		};
		3B3E237023A654D7003C0123 /* Controller */ = {
			isa = PBXGroup;
			children = (
				3B3E236E23A654D0003C0123 /* LoginViewController.swift */,
			);
			path = Controller;
			sourceTree = "<group>";
		};
		3B3E237223A65DD7003C0123 /* Register */ = {
			isa = PBXGroup;
			children = (
				3B3E237323A65DEA003C0123 /* RegisterViewController.swift */,
			);
			path = Register;
			sourceTree = "<group>";
		};
		3B3E237523A67355003C0123 /* Services */ = {
			isa = PBXGroup;
			children = (
				3B11F9FB23AA108C0057FE20 /* Main */,
				3B3E237623A67374003C0123 /* All Services */,
			);
			path = Services;
			sourceTree = "<group>";
		};
		3B3E237623A67374003C0123 /* All Services */ = {
			isa = PBXGroup;
			children = (
				3B3E237C23A6762E003C0123 /* View */,
				3B3E237723A6738E003C0123 /* Controller */,
			);
			path = "All Services";
			sourceTree = "<group>";
		};
		3B3E237723A6738E003C0123 /* Controller */ = {
			isa = PBXGroup;
			children = (
				3B3E237823A673A6003C0123 /* AllServicesViewController.swift */,
				3BCF529B23A7BC2200F84D70 /* ServiceInfoViewController.swift */,
				3B5E6FE623A8305900E86EFA /* DataOfServiceInfoPouopViewController.swift */,
			);
			path = Controller;
			sourceTree = "<group>";
		};
		3B3E237C23A6762E003C0123 /* View */ = {
			isa = PBXGroup;
			children = (
				3B3E237A23A67625003C0123 /* ServicesCollectionViewCell.swift */,
			);
			path = View;
			sourceTree = "<group>";
		};
		3B6DD7A323AA5C8B00DB1B7F /* About Dr Nour */ = {
			isa = PBXGroup;
			children = (
				3B6DD7A423AA5C9000DB1B7F /* Controller */,
			);
			path = "About Dr Nour";
			sourceTree = "<group>";
		};
		3B6DD7A423AA5C9000DB1B7F /* Controller */ = {
			isa = PBXGroup;
			children = (
				3B6DD7A523AA5CB500DB1B7F /* AboutDrNourViewController.swift */,
			);
			path = Controller;
			sourceTree = "<group>";
		};
		3B6DD7A723AA5D7C00DB1B7F /* FAQ */ = {
			isa = PBXGroup;
			children = (
				3BA5716B23AD4BAB00631721 /* View */,
				3B6DD7A823AA5D8100DB1B7F /* Controller */,
			);
			path = FAQ;
			sourceTree = "<group>";
		};
		3B6DD7A823AA5D8100DB1B7F /* Controller */ = {
			isa = PBXGroup;
			children = (
				3B6DD7A923AA5D9300DB1B7F /* FAQViewController.swift */,
			);
			path = Controller;
			sourceTree = "<group>";
		};
		3B6DD7AB23AA68E200DB1B7F /* Reviews */ = {
			isa = PBXGroup;
			children = (
				3B6DD7AC23AA68E700DB1B7F /* Controller */,
			);
			path = Reviews;
			sourceTree = "<group>";
		};
		3B6DD7AC23AA68E700DB1B7F /* Controller */ = {
			isa = PBXGroup;
			children = (
				3B6DD7AD23AA68F900DB1B7F /* ReviewsViewController.swift */,
			);
			path = Controller;
			sourceTree = "<group>";
		};
		3B6DD7AF23AA72DE00DB1B7F /* Gallery */ = {
			isa = PBXGroup;
			children = (
				3B6DD7B323AA730300DB1B7F /* View */,
				3B6DD7B023AA72E500DB1B7F /* Controller */,
			);
			path = Gallery;
			sourceTree = "<group>";
		};
		3B6DD7B023AA72E500DB1B7F /* Controller */ = {
			isa = PBXGroup;
			children = (
				3B6DD7B123AA72F800DB1B7F /* GalleryViewController.swift */,
			);
			path = Controller;
			sourceTree = "<group>";
		};
		3B6DD7B323AA730300DB1B7F /* View */ = {
			isa = PBXGroup;
			children = (
				3B6DD7B623AA745200DB1B7F /* GalleryCollectionViewCell.swift */,
			);
			path = View;
			sourceTree = "<group>";
		};
		3BA5716B23AD4BAB00631721 /* View */ = {
			isa = PBXGroup;
			children = (
				3BA5716E23AD52F100631721 /* TitleOfSectionTableViewCell.swift */,
				3BA5716F23AD52F100631721 /* TitleOfSectionTableViewCell.xib */,
				3BA5717423AD53C900631721 /* FAQTableViewCell.swift */,
				3BA5717523AD53C900631721 /* FAQTableViewCell.xib */,
			);
			path = View;
			sourceTree = "<group>";
		};
		B0A650D2DD06E95ED55B0E09 /* Pods */ = {
			isa = PBXGroup;
			children = (
				B0270C91B7BF022C5FFEE56B /* Pods-Dr.Nour.debug.xcconfig */,
				6CB5B85EE0B025425011A93E /* Pods-Dr.Nour.release.xcconfig */,
			);
			path = Pods;
			sourceTree = "<group>";
		};
/* End PBXGroup section */

/* Begin PBXNativeTarget section */
		04F1A64523A6435100293AA2 /* Dr.Nour */ = {
			isa = PBXNativeTarget;
			buildConfigurationList = 04F1A67023A6435300293AA2 /* Build configuration list for PBXNativeTarget "Dr.Nour" */;
			buildPhases = (
				14D6662F0BBFA8EA4D5524A4 /* [CP] Check Pods Manifest.lock */,
				04F1A64223A6435100293AA2 /* Sources */,
				04F1A64323A6435100293AA2 /* Frameworks */,
				04F1A64423A6435100293AA2 /* Resources */,
				08CFE5D98417CA9209F48B87 /* [CP] Embed Pods Frameworks */,
			);
			buildRules = (
			);
			dependencies = (
			);
			name = Dr.Nour;
			productName = Dr.Nour;
			productReference = 04F1A64623A6435100293AA2 /* Dr.Nour.app */;
			productType = "com.apple.product-type.application";
		};
		04F1A65B23A6435300293AA2 /* Dr.NourTests */ = {
			isa = PBXNativeTarget;
			buildConfigurationList = 04F1A67323A6435300293AA2 /* Build configuration list for PBXNativeTarget "Dr.NourTests" */;
			buildPhases = (
				04F1A65823A6435300293AA2 /* Sources */,
				04F1A65923A6435300293AA2 /* Frameworks */,
				04F1A65A23A6435300293AA2 /* Resources */,
			);
			buildRules = (
			);
			dependencies = (
				04F1A65E23A6435300293AA2 /* PBXTargetDependency */,
			);
			name = Dr.NourTests;
			productName = Dr.NourTests;
			productReference = 04F1A65C23A6435300293AA2 /* Dr.NourTests.xctest */;
			productType = "com.apple.product-type.bundle.unit-test";
		};
		04F1A66623A6435300293AA2 /* Dr.NourUITests */ = {
			isa = PBXNativeTarget;
			buildConfigurationList = 04F1A67623A6435300293AA2 /* Build configuration list for PBXNativeTarget "Dr.NourUITests" */;
			buildPhases = (
				04F1A66323A6435300293AA2 /* Sources */,
				04F1A66423A6435300293AA2 /* Frameworks */,
				04F1A66523A6435300293AA2 /* Resources */,
			);
			buildRules = (
			);
			dependencies = (
				04F1A66923A6435300293AA2 /* PBXTargetDependency */,
			);
			name = Dr.NourUITests;
			productName = Dr.NourUITests;
			productReference = 04F1A66723A6435300293AA2 /* Dr.NourUITests.xctest */;
			productType = "com.apple.product-type.bundle.ui-testing";
		};
/* End PBXNativeTarget section */

/* Begin PBXProject section */
		04F1A63E23A6435100293AA2 /* Project object */ = {
			isa = PBXProject;
			attributes = {
				LastSwiftUpdateCheck = 1130;
				LastUpgradeCheck = 1130;
				ORGANIZATIONNAME = begroup;
				TargetAttributes = {
					04F1A64523A6435100293AA2 = {
						CreatedOnToolsVersion = 11.3;
					};
					04F1A65B23A6435300293AA2 = {
						CreatedOnToolsVersion = 11.3;
						TestTargetID = 04F1A64523A6435100293AA2;
					};
					04F1A66623A6435300293AA2 = {
						CreatedOnToolsVersion = 11.3;
						TestTargetID = 04F1A64523A6435100293AA2;
					};
				};
			};
			buildConfigurationList = 04F1A64123A6435100293AA2 /* Build configuration list for PBXProject "Dr.Nour" */;
			compatibilityVersion = "Xcode 9.3";
			developmentRegion = en;
			hasScannedForEncodings = 0;
			knownRegions = (
				en,
				Base,
			);
			mainGroup = 04F1A63D23A6435100293AA2;
			productRefGroup = 04F1A64723A6435100293AA2 /* Products */;
			projectDirPath = "";
			projectRoot = "";
			targets = (
				04F1A64523A6435100293AA2 /* Dr.Nour */,
				04F1A65B23A6435300293AA2 /* Dr.NourTests */,
				04F1A66623A6435300293AA2 /* Dr.NourUITests */,
			);
		};
/* End PBXProject section */

/* Begin PBXResourcesBuildPhase section */
		04F1A64423A6435100293AA2 /* Resources */ = {
			isa = PBXResourcesBuildPhase;
			buildActionMask = 2147483647;
			files = (
				04F1A65623A6435300293AA2 /* LaunchScreen.storyboard in Resources */,
				04F1A65323A6435300293AA2 /* Assets.xcassets in Resources */,
				04F1A65123A6435100293AA2 /* Main.storyboard in Resources */,
				3BA5717723AD53C900631721 /* FAQTableViewCell.xib in Resources */,
				3BA5717123AD52F200631721 /* TitleOfSectionTableViewCell.xib in Resources */,
			);
			runOnlyForDeploymentPostprocessing = 0;
		};
		04F1A65A23A6435300293AA2 /* Resources */ = {
			isa = PBXResourcesBuildPhase;
			buildActionMask = 2147483647;
			files = (
			);
			runOnlyForDeploymentPostprocessing = 0;
		};
		04F1A66523A6435300293AA2 /* Resources */ = {
			isa = PBXResourcesBuildPhase;
			buildActionMask = 2147483647;
			files = (
			);
			runOnlyForDeploymentPostprocessing = 0;
		};
/* End PBXResourcesBuildPhase section */

/* Begin PBXShellScriptBuildPhase section */
		08CFE5D98417CA9209F48B87 /* [CP] Embed Pods Frameworks */ = {
			isa = PBXShellScriptBuildPhase;
			buildActionMask = 2147483647;
			files = (
			);
			inputFileListPaths = (
				"${PODS_ROOT}/Target Support Files/Pods-Dr.Nour/Pods-Dr.Nour-frameworks-${CONFIGURATION}-input-files.xcfilelist",
			);
			name = "[CP] Embed Pods Frameworks";
			outputFileListPaths = (
				"${PODS_ROOT}/Target Support Files/Pods-Dr.Nour/Pods-Dr.Nour-frameworks-${CONFIGURATION}-output-files.xcfilelist",
			);
			runOnlyForDeploymentPostprocessing = 0;
			shellPath = /bin/sh;
			shellScript = "\"${PODS_ROOT}/Target Support Files/Pods-Dr.Nour/Pods-Dr.Nour-frameworks.sh\"\n";
			showEnvVarsInLog = 0;
		};
		14D6662F0BBFA8EA4D5524A4 /* [CP] Check Pods Manifest.lock */ = {
			isa = PBXShellScriptBuildPhase;
			buildActionMask = 2147483647;
			files = (
			);
			inputFileListPaths = (
			);
			inputPaths = (
				"${PODS_PODFILE_DIR_PATH}/Podfile.lock",
				"${PODS_ROOT}/Manifest.lock",
			);
			name = "[CP] Check Pods Manifest.lock";
			outputFileListPaths = (
			);
			outputPaths = (
				"$(DERIVED_FILE_DIR)/Pods-Dr.Nour-checkManifestLockResult.txt",
			);
			runOnlyForDeploymentPostprocessing = 0;
			shellPath = /bin/sh;
			shellScript = "diff \"${PODS_PODFILE_DIR_PATH}/Podfile.lock\" \"${PODS_ROOT}/Manifest.lock\" > /dev/null\nif [ $? != 0 ] ; then\n    # print error to STDERR\n    echo \"error: The sandbox is not in sync with the Podfile.lock. Run 'pod install' or update your CocoaPods installation.\" >&2\n    exit 1\nfi\n# This output is used by Xcode 'outputs' to avoid re-running this script phase.\necho \"SUCCESS\" > \"${SCRIPT_OUTPUT_FILE_0}\"\n";
			showEnvVarsInLog = 0;
		};
/* End PBXShellScriptBuildPhase section */

/* Begin PBXSourcesBuildPhase section */
		04F1A64223A6435100293AA2 /* Sources */ = {
			isa = PBXSourcesBuildPhase;
			buildActionMask = 2147483647;
			files = (
				3B11F9FE23AA10A60057FE20 /* MainNavigationController.swift in Sources */,
				3B155FDB23ABA30E00DCA9E0 /* ContactusViewController.swift in Sources */,
				3B21EBFD23A92A3600D02C12 /* BookingsReferredTableViewCell.swift in Sources */,
				3B3E237923A673A6003C0123 /* AllServicesViewController.swift in Sources */,
				3B3E236F23A654D0003C0123 /* LoginViewController.swift in Sources */,
				3B13107E23A77EC7007F989C /* MyReservationsViewController.swift in Sources */,
				3B3E236223A65485003C0123 /* ConstantMenu.swift in Sources */,
				3B3E237B23A67625003C0123 /* ServicesCollectionViewCell.swift in Sources */,
				3B21EBF423A8DA5300D02C12 /* MyReferralsTableViewCell.swift in Sources */,
				3BCF529A23A7AF8700F84D70 /* AddYourPhoneViewController.swift in Sources */,
				3B21EBF623A8FD6F00D02C12 /* DataOfMyReferralsPopupViewController.swift in Sources */,
				3BCF529C23A7BC2200F84D70 /* ServiceInfoViewController.swift in Sources */,
				3B13107A23A7765A007F989C /* PersonalInfoViewController.swift in Sources */,
				3B3E236123A65485003C0123 /* UserDefault.swift in Sources */,
				04F1A64E23A6435100293AA2 /* ViewController.swift in Sources */,
				3B23CA0223ACF02C00276908 /* LunchCricleView.swift in Sources */,
				3B155FD923ABA2F800DCA9E0 /* ContactusTableViewCell.swift in Sources */,
				3B6DD7A623AA5CB500DB1B7F /* AboutDrNourViewController.swift in Sources */,
				3B6DD7AA23AA5D9300DB1B7F /* FAQViewController.swift in Sources */,
				3B21EBFB23A92A1900D02C12 /* BookingsReferredViewController.swift in Sources */,
				3B13108123A77F6E007F989C /* MyReservationsTableViewCell.swift in Sources */,
				3B3E236A23A65485003C0123 /* CustemDesign.swift in Sources */,
				3B5E6FE723A8305900E86EFA /* DataOfServiceInfoPouopViewController.swift in Sources */,
				3B21EBF223A8DA3800D02C12 /* MyReferralsViewController.swift in Sources */,
				3B11F9F823AA0B390057FE20 /* Shared.swift in Sources */,
				3B6DD7B223AA72F800DB1B7F /* GalleryViewController.swift in Sources */,
				3B3E236923A65485003C0123 /* Colortext.swift in Sources */,
				3BA5717623AD53C900631721 /* FAQTableViewCell.swift in Sources */,
				04F1A64A23A6435100293AA2 /* AppDelegate.swift in Sources */,
				3B6DD7B723AA745200DB1B7F /* GalleryCollectionViewCell.swift in Sources */,
				3B3E237423A65DEA003C0123 /* RegisterViewController.swift in Sources */,
				3BCF529823A7AF4900F84D70 /* ChangePasswordViewController.swift in Sources */,
				3B3E236723A65485003C0123 /* Alert.swift in Sources */,
				3B3E236B23A65485003C0123 /* DesignableUITextField.swift in Sources */,
				3B3E236823A65485003C0123 /* CardView.swift in Sources */,
				3BCF529623A7A70700F84D70 /* DataOfReserviationsViewController.swift in Sources */,
				3B3E238123A6A135003C0123 /* DrNourMenuViewController.swift in Sources */,
				04F1A64C23A6435100293AA2 /* SceneDelegate.swift in Sources */,
				3B6DD7AE23AA68F900DB1B7F /* ReviewsViewController.swift in Sources */,
				3BA5717023AD52F200631721 /* TitleOfSectionTableViewCell.swift in Sources */,
				3B11FA0223AA290F0057FE20 /* MyBalalnceViewController.swift in Sources */,
			);
			runOnlyForDeploymentPostprocessing = 0;
		};
		04F1A65823A6435300293AA2 /* Sources */ = {
			isa = PBXSourcesBuildPhase;
			buildActionMask = 2147483647;
			files = (
				04F1A66123A6435300293AA2 /* Dr_NourTests.swift in Sources */,
			);
			runOnlyForDeploymentPostprocessing = 0;
		};
		04F1A66323A6435300293AA2 /* Sources */ = {
			isa = PBXSourcesBuildPhase;
			buildActionMask = 2147483647;
			files = (
				04F1A66C23A6435300293AA2 /* Dr_NourUITests.swift in Sources */,
			);
			runOnlyForDeploymentPostprocessing = 0;
		};
/* End PBXSourcesBuildPhase section */

/* Begin PBXTargetDependency section */
		04F1A65E23A6435300293AA2 /* PBXTargetDependency */ = {
			isa = PBXTargetDependency;
			target = 04F1A64523A6435100293AA2 /* Dr.Nour */;
			targetProxy = 04F1A65D23A6435300293AA2 /* PBXContainerItemProxy */;
		};
		04F1A66923A6435300293AA2 /* PBXTargetDependency */ = {
			isa = PBXTargetDependency;
			target = 04F1A64523A6435100293AA2 /* Dr.Nour */;
			targetProxy = 04F1A66823A6435300293AA2 /* PBXContainerItemProxy */;
		};
/* End PBXTargetDependency section */

/* Begin PBXVariantGroup section */
		04F1A64F23A6435100293AA2 /* Main.storyboard */ = {
			isa = PBXVariantGroup;
			children = (
				04F1A65023A6435100293AA2 /* Base */,
			);
			name = Main.storyboard;
			sourceTree = "<group>";
		};
		04F1A65423A6435300293AA2 /* LaunchScreen.storyboard */ = {
			isa = PBXVariantGroup;
			children = (
				04F1A65523A6435300293AA2 /* Base */,
			);
			name = LaunchScreen.storyboard;
			sourceTree = "<group>";
		};
/* End PBXVariantGroup section */

/* Begin XCBuildConfiguration section */
		04F1A66E23A6435300293AA2 /* Debug */ = {
			isa = XCBuildConfiguration;
			buildSettings = {
				ALWAYS_SEARCH_USER_PATHS = NO;
				CLANG_ANALYZER_NONNULL = YES;
				CLANG_ANALYZER_NUMBER_OBJECT_CONVERSION = YES_AGGRESSIVE;
				CLANG_CXX_LANGUAGE_STANDARD = "gnu++14";
				CLANG_CXX_LIBRARY = "libc++";
				CLANG_ENABLE_MODULES = YES;
				CLANG_ENABLE_OBJC_ARC = YES;
				CLANG_ENABLE_OBJC_WEAK = YES;
				CLANG_WARN_BLOCK_CAPTURE_AUTORELEASING = YES;
				CLANG_WARN_BOOL_CONVERSION = YES;
				CLANG_WARN_COMMA = YES;
				CLANG_WARN_CONSTANT_CONVERSION = YES;
				CLANG_WARN_DEPRECATED_OBJC_IMPLEMENTATIONS = YES;
				CLANG_WARN_DIRECT_OBJC_ISA_USAGE = YES_ERROR;
				CLANG_WARN_DOCUMENTATION_COMMENTS = YES;
				CLANG_WARN_EMPTY_BODY = YES;
				CLANG_WARN_ENUM_CONVERSION = YES;
				CLANG_WARN_INFINITE_RECURSION = YES;
				CLANG_WARN_INT_CONVERSION = YES;
				CLANG_WARN_NON_LITERAL_NULL_CONVERSION = YES;
				CLANG_WARN_OBJC_IMPLICIT_RETAIN_SELF = YES;
				CLANG_WARN_OBJC_LITERAL_CONVERSION = YES;
				CLANG_WARN_OBJC_ROOT_CLASS = YES_ERROR;
				CLANG_WARN_RANGE_LOOP_ANALYSIS = YES;
				CLANG_WARN_STRICT_PROTOTYPES = YES;
				CLANG_WARN_SUSPICIOUS_MOVE = YES;
				CLANG_WARN_UNGUARDED_AVAILABILITY = YES_AGGRESSIVE;
				CLANG_WARN_UNREACHABLE_CODE = YES;
				CLANG_WARN__DUPLICATE_METHOD_MATCH = YES;
				COPY_PHASE_STRIP = NO;
				DEBUG_INFORMATION_FORMAT = dwarf;
				ENABLE_STRICT_OBJC_MSGSEND = YES;
				ENABLE_TESTABILITY = YES;
				GCC_C_LANGUAGE_STANDARD = gnu11;
				GCC_DYNAMIC_NO_PIC = NO;
				GCC_NO_COMMON_BLOCKS = YES;
				GCC_OPTIMIZATION_LEVEL = 0;
				GCC_PREPROCESSOR_DEFINITIONS = (
					"DEBUG=1",
					"$(inherited)",
				);
				GCC_WARN_64_TO_32_BIT_CONVERSION = YES;
				GCC_WARN_ABOUT_RETURN_TYPE = YES_ERROR;
				GCC_WARN_UNDECLARED_SELECTOR = YES;
				GCC_WARN_UNINITIALIZED_AUTOS = YES_AGGRESSIVE;
				GCC_WARN_UNUSED_FUNCTION = YES;
				GCC_WARN_UNUSED_VARIABLE = YES;
				IPHONEOS_DEPLOYMENT_TARGET = 13.2;
				MTL_ENABLE_DEBUG_INFO = INCLUDE_SOURCE;
				MTL_FAST_MATH = YES;
				ONLY_ACTIVE_ARCH = YES;
				SDKROOT = iphoneos;
				SWIFT_ACTIVE_COMPILATION_CONDITIONS = DEBUG;
				SWIFT_OPTIMIZATION_LEVEL = "-Onone";
			};
			name = Debug;
		};
		04F1A66F23A6435300293AA2 /* Release */ = {
			isa = XCBuildConfiguration;
			buildSettings = {
				ALWAYS_SEARCH_USER_PATHS = NO;
				CLANG_ANALYZER_NONNULL = YES;
				CLANG_ANALYZER_NUMBER_OBJECT_CONVERSION = YES_AGGRESSIVE;
				CLANG_CXX_LANGUAGE_STANDARD = "gnu++14";
				CLANG_CXX_LIBRARY = "libc++";
				CLANG_ENABLE_MODULES = YES;
				CLANG_ENABLE_OBJC_ARC = YES;
				CLANG_ENABLE_OBJC_WEAK = YES;
				CLANG_WARN_BLOCK_CAPTURE_AUTORELEASING = YES;
				CLANG_WARN_BOOL_CONVERSION = YES;
				CLANG_WARN_COMMA = YES;
				CLANG_WARN_CONSTANT_CONVERSION = YES;
				CLANG_WARN_DEPRECATED_OBJC_IMPLEMENTATIONS = YES;
				CLANG_WARN_DIRECT_OBJC_ISA_USAGE = YES_ERROR;
				CLANG_WARN_DOCUMENTATION_COMMENTS = YES;
				CLANG_WARN_EMPTY_BODY = YES;
				CLANG_WARN_ENUM_CONVERSION = YES;
				CLANG_WARN_INFINITE_RECURSION = YES;
				CLANG_WARN_INT_CONVERSION = YES;
				CLANG_WARN_NON_LITERAL_NULL_CONVERSION = YES;
				CLANG_WARN_OBJC_IMPLICIT_RETAIN_SELF = YES;
				CLANG_WARN_OBJC_LITERAL_CONVERSION = YES;
				CLANG_WARN_OBJC_ROOT_CLASS = YES_ERROR;
				CLANG_WARN_RANGE_LOOP_ANALYSIS = YES;
				CLANG_WARN_STRICT_PROTOTYPES = YES;
				CLANG_WARN_SUSPICIOUS_MOVE = YES;
				CLANG_WARN_UNGUARDED_AVAILABILITY = YES_AGGRESSIVE;
				CLANG_WARN_UNREACHABLE_CODE = YES;
				CLANG_WARN__DUPLICATE_METHOD_MATCH = YES;
				COPY_PHASE_STRIP = NO;
				DEBUG_INFORMATION_FORMAT = "dwarf-with-dsym";
				ENABLE_NS_ASSERTIONS = NO;
				ENABLE_STRICT_OBJC_MSGSEND = YES;
				GCC_C_LANGUAGE_STANDARD = gnu11;
				GCC_NO_COMMON_BLOCKS = YES;
				GCC_WARN_64_TO_32_BIT_CONVERSION = YES;
				GCC_WARN_ABOUT_RETURN_TYPE = YES_ERROR;
				GCC_WARN_UNDECLARED_SELECTOR = YES;
				GCC_WARN_UNINITIALIZED_AUTOS = YES_AGGRESSIVE;
				GCC_WARN_UNUSED_FUNCTION = YES;
				GCC_WARN_UNUSED_VARIABLE = YES;
				IPHONEOS_DEPLOYMENT_TARGET = 13.2;
				MTL_ENABLE_DEBUG_INFO = NO;
				MTL_FAST_MATH = YES;
				SDKROOT = iphoneos;
				SWIFT_COMPILATION_MODE = wholemodule;
				SWIFT_OPTIMIZATION_LEVEL = "-O";
				VALIDATE_PRODUCT = YES;
			};
			name = Release;
		};
		04F1A67123A6435300293AA2 /* Debug */ = {
			isa = XCBuildConfiguration;
			baseConfigurationReference = B0270C91B7BF022C5FFEE56B /* Pods-Dr.Nour.debug.xcconfig */;
			buildSettings = {
				ASSETCATALOG_COMPILER_APPICON_NAME = AppIcon;
				CODE_SIGN_STYLE = Automatic;
				DEVELOPMENT_TEAM = KA6LDR462G;
				INFOPLIST_FILE = Dr.Nour/Info.plist;
				LD_RUNPATH_SEARCH_PATHS = (
					"$(inherited)",
					"@executable_path/Frameworks",
				);
				PRODUCT_BUNDLE_IDENTIFIER = "com.begroup.Dr-Nour";
				PRODUCT_NAME = "$(TARGET_NAME)";
				SWIFT_VERSION = 5.0;
				TARGETED_DEVICE_FAMILY = "1,2";
			};
			name = Debug;
		};
		04F1A67223A6435300293AA2 /* Release */ = {
			isa = XCBuildConfiguration;
			baseConfigurationReference = 6CB5B85EE0B025425011A93E /* Pods-Dr.Nour.release.xcconfig */;
			buildSettings = {
				ASSETCATALOG_COMPILER_APPICON_NAME = AppIcon;
				CODE_SIGN_STYLE = Automatic;
				DEVELOPMENT_TEAM = KA6LDR462G;
				INFOPLIST_FILE = Dr.Nour/Info.plist;
				LD_RUNPATH_SEARCH_PATHS = (
					"$(inherited)",
					"@executable_path/Frameworks",
				);
				PRODUCT_BUNDLE_IDENTIFIER = "com.begroup.Dr-Nour";
				PRODUCT_NAME = "$(TARGET_NAME)";
				SWIFT_VERSION = 5.0;
				TARGETED_DEVICE_FAMILY = "1,2";
			};
			name = Release;
		};
		04F1A67423A6435300293AA2 /* Debug */ = {
			isa = XCBuildConfiguration;
			buildSettings = {
				ALWAYS_EMBED_SWIFT_STANDARD_LIBRARIES = YES;
				BUNDLE_LOADER = "$(TEST_HOST)";
				CODE_SIGN_STYLE = Automatic;
				DEVELOPMENT_TEAM = KA6LDR462G;
				INFOPLIST_FILE = Dr.NourTests/Info.plist;
				IPHONEOS_DEPLOYMENT_TARGET = 13.2;
				LD_RUNPATH_SEARCH_PATHS = (
					"$(inherited)",
					"@executable_path/Frameworks",
					"@loader_path/Frameworks",
				);
				PRODUCT_BUNDLE_IDENTIFIER = "com.begroup.Dr-NourTests";
				PRODUCT_NAME = "$(TARGET_NAME)";
				SWIFT_VERSION = 5.0;
				TARGETED_DEVICE_FAMILY = "1,2";
				TEST_HOST = "$(BUILT_PRODUCTS_DIR)/Dr.Nour.app/Dr.Nour";
			};
			name = Debug;
		};
		04F1A67523A6435300293AA2 /* Release */ = {
			isa = XCBuildConfiguration;
			buildSettings = {
				ALWAYS_EMBED_SWIFT_STANDARD_LIBRARIES = YES;
				BUNDLE_LOADER = "$(TEST_HOST)";
				CODE_SIGN_STYLE = Automatic;
				DEVELOPMENT_TEAM = KA6LDR462G;
				INFOPLIST_FILE = Dr.NourTests/Info.plist;
				IPHONEOS_DEPLOYMENT_TARGET = 13.2;
				LD_RUNPATH_SEARCH_PATHS = (
					"$(inherited)",
					"@executable_path/Frameworks",
					"@loader_path/Frameworks",
				);
				PRODUCT_BUNDLE_IDENTIFIER = "com.begroup.Dr-NourTests";
				PRODUCT_NAME = "$(TARGET_NAME)";
				SWIFT_VERSION = 5.0;
				TARGETED_DEVICE_FAMILY = "1,2";
				TEST_HOST = "$(BUILT_PRODUCTS_DIR)/Dr.Nour.app/Dr.Nour";
			};
			name = Release;
		};
		04F1A67723A6435300293AA2 /* Debug */ = {
			isa = XCBuildConfiguration;
			buildSettings = {
				ALWAYS_EMBED_SWIFT_STANDARD_LIBRARIES = YES;
				CODE_SIGN_STYLE = Automatic;
				DEVELOPMENT_TEAM = KA6LDR462G;
				INFOPLIST_FILE = Dr.NourUITests/Info.plist;
				LD_RUNPATH_SEARCH_PATHS = (
					"$(inherited)",
					"@executable_path/Frameworks",
					"@loader_path/Frameworks",
				);
				PRODUCT_BUNDLE_IDENTIFIER = "com.begroup.Dr-NourUITests";
				PRODUCT_NAME = "$(TARGET_NAME)";
				SWIFT_VERSION = 5.0;
				TARGETED_DEVICE_FAMILY = "1,2";
				TEST_TARGET_NAME = Dr.Nour;
			};
			name = Debug;
		};
		04F1A67823A6435300293AA2 /* Release */ = {
			isa = XCBuildConfiguration;
			buildSettings = {
				ALWAYS_EMBED_SWIFT_STANDARD_LIBRARIES = YES;
				CODE_SIGN_STYLE = Automatic;
				DEVELOPMENT_TEAM = KA6LDR462G;
				INFOPLIST_FILE = Dr.NourUITests/Info.plist;
				LD_RUNPATH_SEARCH_PATHS = (
					"$(inherited)",
					"@executable_path/Frameworks",
					"@loader_path/Frameworks",
				);
				PRODUCT_BUNDLE_IDENTIFIER = "com.begroup.Dr-NourUITests";
				PRODUCT_NAME = "$(TARGET_NAME)";
				SWIFT_VERSION = 5.0;
				TARGETED_DEVICE_FAMILY = "1,2";
				TEST_TARGET_NAME = Dr.Nour;
			};
			name = Release;
		};
/* End XCBuildConfiguration section */

/* Begin XCConfigurationList section */
		04F1A64123A6435100293AA2 /* Build configuration list for PBXProject "Dr.Nour" */ = {
			isa = XCConfigurationList;
			buildConfigurations = (
				04F1A66E23A6435300293AA2 /* Debug */,
				04F1A66F23A6435300293AA2 /* Release */,
			);
			defaultConfigurationIsVisible = 0;
			defaultConfigurationName = Release;
		};
		04F1A67023A6435300293AA2 /* Build configuration list for PBXNativeTarget "Dr.Nour" */ = {
			isa = XCConfigurationList;
			buildConfigurations = (
				04F1A67123A6435300293AA2 /* Debug */,
				04F1A67223A6435300293AA2 /* Release */,
			);
			defaultConfigurationIsVisible = 0;
			defaultConfigurationName = Release;
		};
		04F1A67323A6435300293AA2 /* Build configuration list for PBXNativeTarget "Dr.NourTests" */ = {
			isa = XCConfigurationList;
			buildConfigurations = (
				04F1A67423A6435300293AA2 /* Debug */,
				04F1A67523A6435300293AA2 /* Release */,
			);
			defaultConfigurationIsVisible = 0;
			defaultConfigurationName = Release;
		};
		04F1A67623A6435300293AA2 /* Build configuration list for PBXNativeTarget "Dr.NourUITests" */ = {
			isa = XCConfigurationList;
			buildConfigurations = (
				04F1A67723A6435300293AA2 /* Debug */,
				04F1A67823A6435300293AA2 /* Release */,
			);
			defaultConfigurationIsVisible = 0;
			defaultConfigurationName = Release;
		};
/* End XCConfigurationList section */
	};
	rootObject = 04F1A63E23A6435100293AA2 /* Project object */;
}
